# SHA256	candidate filename	exact original filename (or -)	Maven Central path
5820f81e943e4bce0329306621e2d6255d2930b0a6ce934c5c23c0d6d3f20599	core-3.3.3.jar	-	com/google/zxing/core/3.3.3/core-3.3.3.jar
c8f3553f57cd1bfe8519f155e6536a937bcf873deb5661f97dbd933a07323dec	dynamicreports-core-6.12.1.jar	dynamicreports-core-4.0.0.jar	net/sourceforge/dynamicreports/dynamicreports-core/6.12.1/dynamicreports-core-6.12.1.jar
40ee83a39d021abb133b5377cc537fb1859c7b94e6539ae92f9b90e92e2a9e43	dynamicreports-adhoc-6.12.1.jar	dynamicreports-adhoc-4.0.0.jar	net/sourceforge/dynamicreports/dynamicreports-adhoc/6.12.1/dynamicreports-adhoc-6.12.1.jar
d78bf4b5f7607f1b8484637b09f4fe3e95424b13b65180bba99e1a351f3f0e8f	dynamicreports-googlecharts-6.12.1.jar	dynamicreports-googlecharts-4.0.0.jar	net/sourceforge/dynamicreports/dynamicreports-googlecharts/6.12.1/dynamicreports-googlecharts-6.12.1.jar
1414523268832471646b56681e2927eb058216467ea61e42499ed13658abc50a	jasperreports-6.21.5.jar	jasperreports-6.0.0.jar	net/sf/jasperreports/jasperreports/6.21.5/jasperreports-6.21.5.jar
da5abf42da4604c5a7bca38956af6e9d6f196d9b6d4cb7eabee4f480b580d505	poi-5.4.1.jar	poi-5.2.1.jar	org/apache/poi/poi/5.4.1/poi-5.4.1.jar
fd200c9e6f74d704160a97e9d52041995ed87439454530001edd920688f19f53	poi-ooxml-5.4.1.jar	poi-ooxml-5.2.1.jar	org/apache/poi/poi-ooxml/5.4.1/poi-ooxml-5.4.1.jar
dc590461efdfcd4f27e2a892737979ab5e30b4132a7adfc7c9e56447b71a45b0	poi-ooxml-lite-5.4.1.jar	poi-ooxml-lite-5.2.1.jar	org/apache/poi/poi-ooxml-lite/5.4.1/poi-ooxml-lite-5.4.1.jar
6cc69da3b4d35b83c5e477cd4daba204e44109833e34af2b9a8a2c8788289917	xmlbeans-5.3.0.jar	xmlbeans-5.0.3.jar	org/apache/xmlbeans/xmlbeans/5.3.0/xmlbeans-5.3.0.jar
293d80f54b536b74095dcd7ea3cf0a29bbfc3402519281332495f4420d370d16	commons-compress-1.27.1.jar	-	org/apache/commons/commons-compress/1.27.1/commons-compress-1.27.1.jar
f3ca0f8d63c40e23a56d54101c60d5edee136b42d84bfb85bc7963093109cf8b	commons-io-2.18.0.jar	commons-io-2.7.jar	commons-io/commons-io/2.18.0/commons-io-2.18.0.jar
ba005f304cef92a3dede24a38ad5ac9b8afccf0d8f75839d6c1338634cf7f6e4	commons-codec-1.18.0.jar	commons-codec-1.15.jar	commons-codec/commons-codec/1.18.0/commons-codec-1.18.0.jar
00f93263c267be201b8ae521b44a7137271b16688435340bf629db1bac0a5845	commons-collections4-4.5.0.jar	commons-collections4-4.4.jar	org/apache/commons/commons-collections4/4.5.0/commons-collections4-4.5.0.jar
f76b85adb0c00721ae267b7cfde4da7f71d3121cc2160c9fc00c0c89f8c53c8a	SparseBitSet-1.3.jar	SparseBitSet-1.2.jar	com/zaxxer/SparseBitSet/1.3/SparseBitSet-1.3.jar
ad95b08b8bbf9d7d17e5e00814898fa23324f32bc5b62f1a37801e6a56ce0079	curvesapi-1.08.jar	curvesapi-1.07.jar	com/github/virtuald/curvesapi/1.08/curvesapi-1.08.jar
9e44ba68ec9a3f21286fa2a8bbb003b735c0f69101bb43144b79f4f8aaa74709	commons-beanutils-1.11.0.jar	commons-beanutils-1.9.4.jar	commons-beanutils/commons-beanutils/1.11.0/commons-beanutils-1.11.0.jar
6d7a744e4027649fbb50895df9497d109f98c766a637062fe8d2eabbb3140ba4	commons-logging-1.3.5.jar	commons-logging-1.2.jar	commons-logging/commons-logging/1.3.5/commons-logging-1.3.5.jar
6eb2241ac9bc2636b599ceb8d4f353bcb22d1828db45ff83b09577428f6ac4f0	openpdf-1.3.32.jar	-	com/github/librepdf/openpdf/1.3.32/openpdf-1.3.32.jar
1e670402809484c71ec74d55b40022a4c4939c7911bd39ee5a0cfb3aaf56397c	jcommon-1.0.23.jar	jcommon-1.0.15.jar	org/jfree/jcommon/1.0.23/jcommon-1.0.23.jar
153d077d6399776a45de97c555ad026eb6201d4bd8af86cfce7b8b4ccfa66263	jfreechart-1.0.19.jar	jfreechart-1.0.12.jar	org/jfree/jfreechart/1.0.19/jfreechart-1.0.19.jar
9082211f48782750093f07822d1ae481e8ece250449578f372334da626ccdead	ecj-3.21.0.jar	ecj-4.3.1.jar	org/eclipse/jdt/ecj/3.21.0/ecj-3.21.0.jar
5b4a0a0cd0e751ded431c162442bdbdd53328d1f8bb2bae5fc1bbeee0f66d80f	log4j-api-2.24.3.jar	log4j-api-2.23.1.jar	org/apache/logging/log4j/log4j-api/2.24.3/log4j-api-2.24.3.jar
7eb4084596ae25bd3c61698e48e8d0ab65a9260758884ed5cbb9c6e55c44a56a	log4j-core-2.24.3.jar	log4j-core-2.23.1.jar	org/apache/logging/log4j/log4j-core/2.24.3/log4j-core-2.24.3.jar
ddb26c8a1f1a84535e8213c48b35b253370434e3287b3cf15777856fc4e58ce6	jackson-core-2.17.1.jar	jackson-core-2.17.0.jar	com/fasterxml/jackson/core/jackson-core/2.17.1/jackson-core-2.17.1.jar
b6ca2f7d5b1ab245cec5495ec339773d2d90554c48592590673fb18f4400a948	jackson-databind-2.17.1.jar	jackson-databind-2.17.0.jar	com/fasterxml/jackson/core/jackson-databind/2.17.1/jackson-databind-2.17.1.jar
fccad82e13172c0e4384db71577219c9b8631c0820f4b18daaa57016fb661c76	jackson-annotations-2.17.1.jar	jackson-annotations-2.17.0.jar	com/fasterxml/jackson/core/jackson-annotations/2.17.1/jackson-annotations-2.17.1.jar
bf90159666e64d2b4a43f411552ac0fcdc26fa7c3d2de50533031b05c19b6359	jackson-dataformat-xml-2.17.1.jar	-	com/fasterxml/jackson/dataformat/jackson-dataformat-xml/2.17.1/jackson-dataformat-xml-2.17.1.jar
943f58540c19b51727465ecf4d07a11d088b30339784824299d57e5afe9eee9d	jackson-module-jaxb-annotations-2.17.1.jar	-	com/fasterxml/jackson/module/jackson-module-jaxb-annotations/2.17.1/jackson-module-jaxb-annotations-2.17.1.jar
a61c48d553efad78bc01fffc4ac528bebbae64cbaec170b2a5e39cf61eb51abe	stax2-api-4.2.2.jar	-	org/codehaus/woodstox/stax2-api/4.2.2/stax2-api-4.2.2.jar
8d097391bb3f3009fb37a565222b7ad3ffd49c49565a478ac0b2445448f55896	woodstox-core-6.6.2.jar	-	com/fasterxml/woodstox/woodstox-core/6.6.2/woodstox-core-6.6.2.jar
